
Microsoft Visual Studio Solution File, Format Version 12.00
# Visual Studio 15
VisualStudioVersion = 15.0.28307.271
MinimumVisualStudioVersion = 10.0.40219.1
Project("{FAE04EC0-301F-11D3-BF4B-00C04F79EFBC}") = "Treehouse.SimpleConsoleApp", "Treehouse.SimpleConsoleApp\Treehouse.SimpleConsoleApp.csproj", "{1787B55E-C2A8-472C-8F6A-C604497F80EC}"
EndProject
Global
	GlobalSection(SolutionConfigurationPlatforms) = preSolution
		Debug|Any CPU = Debug|Any CPU
		Release|Any CPU = Release|Any CPU
	EndGlobalSection
	GlobalSection(ProjectConfigurationPlatforms) = postSolution
		{1787B55E-C2A8-472C-8F6A-C604497F80EC}.Debug|Any CPU.ActiveCfg = Debug|Any CPU
		{1787B55E-C2A8-472C-8F6A-C604497F80EC}.Debug|Any CPU.Build.0 = Debug|Any CPU
		{1787B55E-C2A8-472C-8F6A-C604497F80EC}.Release|Any CPU.ActiveCfg = Release|Any CPU
		{1787B55E-C2A8-472C-8F6A-C604497F80EC}.Release|Any CPU.Build.0 = Release|Any CPU
	EndGlobalSection
	GlobalSection(SolutionProperties) = preSolution
		HideSolutionNode = FALSE
	EndGlobalSection
	GlobalSection(ExtensibilityGlobals) = postSolution
		SolutionGuid = {3A5572BC-64E9-4A83-8573-132DF0D9349A}
	EndGlobalSection
EndGlobal
